
Microsoft Visual Studio Solution File, Format Version 12.00
# Visual Studio Version 17
VisualStudioVersion = 17.4.33213.308
MinimumVisualStudioVersion = 10.0.40219.1
Project("{FAE04EC0-301F-11D3-BF4B-00C04F79EFBC}") = "RoomLibrary", "RoomLibrary\RoomLibrary.csproj", "{9018AED4-AF73-42E6-B99D-51CA165F0CEF}"
EndProject
Global
	GlobalSection(SolutionConfigurationPlatforms) = preSolution
		Debug|Any CPU = Debug|Any CPU
		Release|Any CPU = Release|Any CPU
	EndGlobalSection
	GlobalSection(ProjectConfigurationPlatforms) = postSolution
		{9018AED4-AF73-42E6-B99D-51CA165F0CEF}.Debug|Any CPU.ActiveCfg = Debug|Any CPU
		{9018AED4-AF73-42E6-B99D-51CA165F0CEF}.Debug|Any CPU.Build.0 = Debug|Any CPU
		{9018AED4-AF73-42E6-B99D-51CA165F0CEF}.Release|Any CPU.ActiveCfg = Release|Any CPU
		{9018AED4-AF73-42E6-B99D-51CA165F0CEF}.Release|Any CPU.Build.0 = Release|Any CPU
	EndGlobalSection
	GlobalSection(SolutionProperties) = preSolution
		HideSolutionNode = FALSE
	EndGlobalSection
	GlobalSection(ExtensibilityGlobals) = postSolution
		SolutionGuid = {01F8E600-08D8-4DA8-93CB-C18D3F2A5C8B}
	EndGlobalSection
EndGlobal
